<?xml version="1.0" encoding="utf-8"?>
<Project ToolsVersion="4.0" xmlns="http://schemas.microsoft.com/developer/msbuild/2003">
  <ItemGroup>
    <Filter Include="Form Files">
      <UniqueIdentifier>{99349809-55BA-4b9d-BF79-8FDBB0286EB3}</UniqueIdentifier>
      <Extensions>ui</Extensions>
      <ParseFiles>false</ParseFiles>
    </Filter>
    <Filter Include="Form Files">
      <UniqueIdentifier>{99349809-55BA-4b9d-BF79-8FDBB0286EB3}</UniqueIdentifier>
      <Extensions>ui</Extensions>
      <ParseFiles>false</ParseFiles>
    </Filter>
    <Filter Include="Generated Files">
      <UniqueIdentifier>{71ED8ED8-ACB9-4CE9-BBE1-E00B30144E11}</UniqueIdentifier>
      <Extensions>cpp;c;cxx;moc;h;def;odl;idl;res;</Extensions>
    </Filter>
    <Filter Include="Generated Files">
      <UniqueIdentifier>{71ED8ED8-ACB9-4CE9-BBE1-E00B30144E11}</UniqueIdentifier>
      <Extensions>cpp;c;cxx;moc;h;def;odl;idl;res;</Extensions>
    </Filter>
    <Filter Include="Header Files">
      <UniqueIdentifier>{93995380-89BD-4b04-88EB-625FBE52EBFB}</UniqueIdentifier>
      <Extensions>h;hpp;hxx;hm;inl;inc;xsd</Extensions>
    </Filter>
    <Filter Include="Header Files">
      <UniqueIdentifier>{93995380-89BD-4b04-88EB-625FBE52EBFB}</UniqueIdentifier>
      <Extensions>h;hpp;hxx;hm;inl;inc;xsd</Extensions>
    </Filter>
    <Filter Include="Source Files">
      <UniqueIdentifier>{4FC737F1-C7A5-4376-A066-2A32D752A2FF}</UniqueIdentifier>
      <Extensions>cpp;c;cxx;def;odl;idl;hpj;bat;asm;asmx</Extensions>
    </Filter>
    <Filter Include="Source Files">
      <UniqueIdentifier>{4FC737F1-C7A5-4376-A066-2A32D752A2FF}</UniqueIdentifier>
      <Extensions>cpp;c;cxx;def;odl;idl;hpj;bat;asm;asmx</Extensions>
    </Filter>
    <Filter Include="Generated Files\Debug">
      <UniqueIdentifier>{30d7f4e9-442e-427b-8216-7b84c6dec286}</UniqueIdentifier>
      <Extensions>cpp;moc</Extensions>
      <SourceControlFiles>False</SourceControlFiles>
    </Filter>
    <Filter Include="Generated Files\Release">
      <UniqueIdentifier>{5c5e44bf-956b-4da9-ba69-19c1e32f5b1c}</UniqueIdentifier>
      <Extensions>cpp;moc</Extensions>
      <SourceControlFiles>False</SourceControlFiles>
    </Filter>
  </ItemGroup>
  <ItemGroup>
    <ClCompile Include="ACPlot.cpp">
      <Filter>Source Files</Filter>
    </ClCompile>
    <ClCompile Include="OIDDial.cpp">
      <Filter>Source Files</Filter>
    </ClCompile>
    <ClCompile Include="cobranetwnd.cpp">
      <Filter>Source Files</Filter>
    </ClCompile>
    <ClCompile Include="configmgr.cpp">
      <Filter>Source Files</Filter>
    </ClCompile>
    <ClCompile Include="deviceswnd.cpp">
      <Filter>Source Files</Filter>
    </ClCompile>
    <ClCompile Include="gatenomwnd.cpp">
      <Filter>Source Files</Filter>
    </ClCompile>
    <ClCompile Include="highpasswnd.cpp">
      <Filter>Source Files</Filter>
    </ClCompile>
    <ClCompile Include="homepage.cpp">
      <Filter>Source Files</Filter>
    </ClCompile>
    <ClCompile Include="inputgainctrlwnd.cpp">
      <Filter>Source Files</Filter>
    </ClCompile>
    <ClCompile Include="main.cpp">
      <Filter>Source Files</Filter>
    </ClCompile>
    <ClCompile Include="mainwindow.cpp">
      <Filter>Source Files</Filter>
    </ClCompile>
    <ClCompile Include="matrixmixerwnd.cpp">
      <Filter>Source Files</Filter>
    </ClCompile>
    <ClCompile Include="nomwnd.cpp">
      <Filter>Source Files</Filter>
    </ClCompile>
    <ClCompile Include="oidinputdlg.cpp">
      <Filter>Source Files</Filter>
    </ClCompile>
    <ClCompile Include="oidprogressbar.cpp">
      <Filter>Source Files</Filter>
    </ClCompile>
    <ClCompile Include="oidpushbtn.cpp">
      <Filter>Source Files</Filter>
    </ClCompile>
    <ClCompile Include="oidslider.cpp">
      <Filter>Source Files</Filter>
    </ClCompile>
    <ClCompile Include="peqwnd.cpp">
      <Filter>Source Files</Filter>
    </ClCompile>
    <ClCompile Include="presetwnd.cpp">
      <Filter>Source Files</Filter>
    </ClCompile>
    <ClCompile Include="pswinputdlg.cpp">
      <Filter>Source Files</Filter>
    </ClCompile>
    <ClCompile Include="snmpnet.cpp">
      <Filter>Source Files</Filter>
    </ClCompile>
    <ClCompile Include="snmpnetwnd.cpp">
      <Filter>Source Files</Filter>
    </ClCompile>
    <ClCompile Include="tcpnet.cpp">
      <Filter>Source Files</Filter>
    </ClCompile>
    <ClCompile Include="Debug\.moc\moc_ACPlot.cpp">
      <Filter>Generated Files\Debug</Filter>
    </ClCompile>
    <ClCompile Include="Release\.moc\moc_ACPlot.cpp">
      <Filter>Generated Files\Release</Filter>
    </ClCompile>
    <ClCompile Include="Debug\.moc\moc_OIDDial.cpp">
      <Filter>Generated Files\Debug</Filter>
    </ClCompile>
    <ClCompile Include="Release\.moc\moc_OIDDial.cpp">
      <Filter>Generated Files\Release</Filter>
    </ClCompile>
    <ClCompile Include="Debug\.moc\moc_cobranetwnd.cpp">
      <Filter>Generated Files\Debug</Filter>
    </ClCompile>
    <ClCompile Include="Release\.moc\moc_cobranetwnd.cpp">
      <Filter>Generated Files\Release</Filter>
    </ClCompile>
    <ClCompile Include="Debug\.moc\moc_deviceswnd.cpp">
      <Filter>Generated Files\Debug</Filter>
    </ClCompile>
    <ClCompile Include="Release\.moc\moc_deviceswnd.cpp">
      <Filter>Generated Files\Release</Filter>
    </ClCompile>
    <ClCompile Include="Debug\.moc\moc_gatenomwnd.cpp">
      <Filter>Generated Files\Debug</Filter>
    </ClCompile>
    <ClCompile Include="Release\.moc\moc_gatenomwnd.cpp">
      <Filter>Generated Files\Release</Filter>
    </ClCompile>
    <ClCompile Include="Debug\.moc\moc_highpasswnd.cpp">
      <Filter>Generated Files\Debug</Filter>
    </ClCompile>
    <ClCompile Include="Release\.moc\moc_highpasswnd.cpp">
      <Filter>Generated Files\Release</Filter>
    </ClCompile>
    <ClCompile Include="Debug\.moc\moc_homepage.cpp">
      <Filter>Generated Files\Debug</Filter>
    </ClCompile>
    <ClCompile Include="Release\.moc\moc_homepage.cpp">
      <Filter>Generated Files\Release</Filter>
    </ClCompile>
    <ClCompile Include="Debug\.moc\moc_inputgainctrlwnd.cpp">
      <Filter>Generated Files\Debug</Filter>
    </ClCompile>
    <ClCompile Include="Release\.moc\moc_inputgainctrlwnd.cpp">
      <Filter>Generated Files\Release</Filter>
    </ClCompile>
    <ClCompile Include="Debug\.moc\moc_mainwindow.cpp">
      <Filter>Generated Files\Debug</Filter>
    </ClCompile>
    <ClCompile Include="Release\.moc\moc_mainwindow.cpp">
      <Filter>Generated Files\Release</Filter>
    </ClCompile>
    <ClCompile Include="Debug\.moc\moc_matrixmixerwnd.cpp">
      <Filter>Generated Files\Debug</Filter>
    </ClCompile>
    <ClCompile Include="Release\.moc\moc_matrixmixerwnd.cpp">
      <Filter>Generated Files\Release</Filter>
    </ClCompile>
    <ClCompile Include="Debug\.moc\moc_nomwnd.cpp">
      <Filter>Generated Files\Debug</Filter>
    </ClCompile>
    <ClCompile Include="Release\.moc\moc_nomwnd.cpp">
      <Filter>Generated Files\Release</Filter>
    </ClCompile>
    <ClCompile Include="Debug\.moc\moc_oidinputdlg.cpp">
      <Filter>Generated Files\Debug</Filter>
    </ClCompile>
    <ClCompile Include="Release\.moc\moc_oidinputdlg.cpp">
      <Filter>Generated Files\Release</Filter>
    </ClCompile>
    <ClCompile Include="Debug\.moc\moc_oidslider.cpp">
      <Filter>Generated Files\Debug</Filter>
    </ClCompile>
    <ClCompile Include="Release\.moc\moc_oidslider.cpp">
      <Filter>Generated Files\Release</Filter>
    </ClCompile>
    <ClCompile Include="Debug\.moc\moc_peqwnd.cpp">
      <Filter>Generated Files\Debug</Filter>
    </ClCompile>
    <ClCompile Include="Release\.moc\moc_peqwnd.cpp">
      <Filter>Generated Files\Release</Filter>
    </ClCompile>
    <ClCompile Include="Debug\.moc\moc_presetwnd.cpp">
      <Filter>Generated Files\Debug</Filter>
    </ClCompile>
    <ClCompile Include="Release\.moc\moc_presetwnd.cpp">
      <Filter>Generated Files\Release</Filter>
    </ClCompile>
    <ClCompile Include="Debug\.moc\moc_pswinputdlg.cpp">
      <Filter>Generated Files\Debug</Filter>
    </ClCompile>
    <ClCompile Include="Release\.moc\moc_pswinputdlg.cpp">
      <Filter>Generated Files\Release</Filter>
    </ClCompile>
    <ClCompile Include="Debug\.moc\moc_snmpnetwnd.cpp">
      <Filter>Generated Files\Debug</Filter>
    </ClCompile>
    <ClCompile Include="Release\.moc\moc_snmpnetwnd.cpp">
      <Filter>Generated Files\Release</Filter>
    </ClCompile>
  </ItemGroup>
  <ItemGroup>
    <CustomBuild Include="ACPlot.h">
      <Filter>Header Files</Filter>
    </CustomBuild>
    <CustomBuild Include="OIDDial.h">
      <Filter>Header Files</Filter>
    </CustomBuild>
    <CustomBuild Include="cobranetwnd.h">
      <Filter>Header Files</Filter>
    </CustomBuild>
    <ClInclude Include="configmgr.h">
      <Filter>Header Files</Filter>
    </ClInclude>
    <CustomBuild Include="deviceswnd.h">
      <Filter>Header Files</Filter>
    </CustomBuild>
    <CustomBuild Include="gatenomwnd.h">
      <Filter>Header Files</Filter>
    </CustomBuild>
    <CustomBuild Include="highpasswnd.h">
      <Filter>Header Files</Filter>
    </CustomBuild>
    <CustomBuild Include="homepage.h">
      <Filter>Header Files</Filter>
    </CustomBuild>
    <CustomBuild Include="inputgainctrlwnd.h">
      <Filter>Header Files</Filter>
    </CustomBuild>
    <CustomBuild Include="mainwindow.h">
      <Filter>Header Files</Filter>
    </CustomBuild>
    <CustomBuild Include="matrixmixerwnd.h">
      <Filter>Header Files</Filter>
    </CustomBuild>
    <CustomBuild Include="nomwnd.h">
      <Filter>Header Files</Filter>
    </CustomBuild>
    <CustomBuild Include="oidinputdlg.h">
      <Filter>Header Files</Filter>
    </CustomBuild>
    <ClInclude Include="oidprogressbar.h">
      <Filter>Header Files</Filter>
    </ClInclude>
    <ClInclude Include="oidpushbtn.h">
      <Filter>Header Files</Filter>
    </ClInclude>
    <CustomBuild Include="oidslider.h">
      <Filter>Header Files</Filter>
    </CustomBuild>
    <CustomBuild Include="peqwnd.h">
      <Filter>Header Files</Filter>
    </CustomBuild>
    <CustomBuild Include="presetwnd.h">
      <Filter>Header Files</Filter>
    </CustomBuild>
    <CustomBuild Include="pswinputdlg.h">
      <Filter>Header Files</Filter>
    </CustomBuild>
    <ClInclude Include="snmpnet.h">
      <Filter>Header Files</Filter>
    </ClInclude>
    <CustomBuild Include="snmpnetwnd.h">
      <Filter>Header Files</Filter>
    </CustomBuild>
    <ClInclude Include="tcpnet.h">
      <Filter>Header Files</Filter>
    </ClInclude>
  </ItemGroup>
  <ItemGroup>
    <CustomBuild Include="cobranetwnd.ui">
      <Filter>Form Files</Filter>
    </CustomBuild>
    <CustomBuild Include="deviceswnd.ui">
      <Filter>Form Files</Filter>
    </CustomBuild>
    <CustomBuild Include="gatenomwnd.ui">
      <Filter>Form Files</Filter>
    </CustomBuild>
    <CustomBuild Include="highpasswnd.ui">
      <Filter>Form Files</Filter>
    </CustomBuild>
    <CustomBuild Include="homepage.ui">
      <Filter>Form Files</Filter>
    </CustomBuild>
    <CustomBuild Include="inputgainctrlwnd.ui">
      <Filter>Form Files</Filter>
    </CustomBuild>
    <CustomBuild Include="mainwindow.ui">
      <Filter>Form Files</Filter>
    </CustomBuild>
    <CustomBuild Include="matrixmixerwnd.ui">
      <Filter>Form Files</Filter>
    </CustomBuild>
    <CustomBuild Include="nomwnd.ui">
      <Filter>Form Files</Filter>
    </CustomBuild>
    <CustomBuild Include="oidinputdlg.ui">
      <Filter>Form Files</Filter>
    </CustomBuild>
    <CustomBuild Include="peqwnd.ui">
      <Filter>Form Files</Filter>
    </CustomBuild>
    <CustomBuild Include="presetwnd.ui">
      <Filter>Form Files</Filter>
    </CustomBuild>
    <CustomBuild Include="pswinputdlg.ui">
      <Filter>Form Files</Filter>
    </CustomBuild>
    <CustomBuild Include="snmpnetwnd.ui">
      <Filter>Form Files</Filter>
    </CustomBuild>
  </ItemGroup>
  <ItemGroup>
    <ClInclude Include="GeneratedFiles\ui_cobranetwnd.h">
      <Filter>Generated Files</Filter>
    </ClInclude>
    <ClInclude Include="GeneratedFiles\ui_deviceswnd.h">
      <Filter>Generated Files</Filter>
    </ClInclude>
    <ClInclude Include="GeneratedFiles\ui_gatenomwnd.h">
      <Filter>Generated Files</Filter>
    </ClInclude>
    <ClInclude Include="GeneratedFiles\ui_highpasswnd.h">
      <Filter>Generated Files</Filter>
    </ClInclude>
    <ClInclude Include="GeneratedFiles\ui_homepage.h">
      <Filter>Generated Files</Filter>
    </ClInclude>
    <ClInclude Include="GeneratedFiles\ui_inputgainctrlwnd.h">
      <Filter>Generated Files</Filter>
    </ClInclude>
    <ClInclude Include="GeneratedFiles\ui_mainwindow.h">
      <Filter>Generated Files</Filter>
    </ClInclude>
    <ClInclude Include="GeneratedFiles\ui_matrixmixerwnd.h">
      <Filter>Generated Files</Filter>
    </ClInclude>
    <ClInclude Include="GeneratedFiles\ui_nomwnd.h">
      <Filter>Generated Files</Filter>
    </ClInclude>
    <ClInclude Include="GeneratedFiles\ui_oidinputdlg.h">
      <Filter>Generated Files</Filter>
    </ClInclude>
    <ClInclude Include="GeneratedFiles\ui_peqwnd.h">
      <Filter>Generated Files</Filter>
    </ClInclude>
    <ClInclude Include="GeneratedFiles\ui_presetwnd.h">
      <Filter>Generated Files</Filter>
    </ClInclude>
    <ClInclude Include="GeneratedFiles\ui_pswinputdlg.h">
      <Filter>Generated Files</Filter>
    </ClInclude>
    <ClInclude Include="GeneratedFiles\ui_snmpnetwnd.h">
      <Filter>Generated Files</Filter>
    </ClInclude>
  </ItemGroup>
</Project>